// !$*UTF8*$!
{
	archiveVersion = 1;
	classes = {
	};
	objectVersion = 46;
	objects = {

/* Begin PBXBuildFile section */
		837DC6971767161900C7B0BE /* UIKit.framework in Frameworks */ = {isa = PBXBuildFile; fileRef = 837DC6961767161900C7B0BE /* UIKit.framework */; };
		837DC6991767161900C7B0BE /* Foundation.framework in Frameworks */ = {isa = PBXBuildFile; fileRef = 837DC6981767161900C7B0BE /* Foundation.framework */; };
		837DC69B1767161900C7B0BE /* CoreGraphics.framework in Frameworks */ = {isa = PBXBuildFile; fileRef = 837DC69A1767161900C7B0BE /* CoreGraphics.framework */; };
		837DC6A11767161900C7B0BE /* InfoPlist.strings in Resources */ = {isa = PBXBuildFile; fileRef = 837DC69F1767161900C7B0BE /* InfoPlist.strings */; };
		837DC6A31767161900C7B0BE /* main.m in Sources */ = {isa = PBXBuildFile; fileRef = 837DC6A21767161900C7B0BE /* main.m */; };
		837DC6F717672EAA00C7B0BE /* MobileCoreServices.framework in Frameworks */ = {isa = PBXBuildFile; fileRef = 837DC6F617672EAA00C7B0BE /* MobileCoreServices.framework */; };
		837DC6F917672EB400C7B0BE /* SystemConfiguration.framework in Frameworks */ = {isa = PBXBuildFile; fileRef = 837DC6F817672EB400C7B0BE /* SystemConfiguration.framework */; };
		837DC705176767E900C7B0BE /* Icon-72.png in Resources */ = {isa = PBXBuildFile; fileRef = 837DC6FC176767E900C7B0BE /* Icon-72.png */; };
		837DC706176767E900C7B0BE /* Icon-72@2x.png in Resources */ = {isa = PBXBuildFile; fileRef = 837DC6FD176767E900C7B0BE /* Icon-72@2x.png */; };
		837DC707176767E900C7B0BE /* Icon-Small-50.png in Resources */ = {isa = PBXBuildFile; fileRef = 837DC6FE176767E900C7B0BE /* Icon-Small-50.png */; };
		837DC708176767E900C7B0BE /* Icon-Small-50@2x.png in Resources */ = {isa = PBXBuildFile; fileRef = 837DC6FF176767E900C7B0BE /* Icon-Small-50@2x.png */; };
		837DC709176767E900C7B0BE /* Icon-Small.png in Resources */ = {isa = PBXBuildFile; fileRef = 837DC700176767E900C7B0BE /* Icon-Small.png */; };
		837DC70A176767E900C7B0BE /* Icon-Small@2x.png in Resources */ = {isa = PBXBuildFile; fileRef = 837DC701176767E900C7B0BE /* Icon-Small@2x.png */; };
		837DC70B176767E900C7B0BE /* Icon.png in Resources */ = {isa = PBXBuildFile; fileRef = 837DC702176767E900C7B0BE /* Icon.png */; };
		837DC70C176767E900C7B0BE /* Icon@2x.png in Resources */ = {isa = PBXBuildFile; fileRef = 837DC703176767E900C7B0BE /* Icon@2x.png */; };
		837DC70D176767E900C7B0BE /* iTunesArtwork in Resources */ = {isa = PBXBuildFile; fileRef = 837DC704176767E900C7B0BE /* iTunesArtwork */; };
		837DC71217676BB000C7B0BE /* Default-568h@2x.png in Resources */ = {isa = PBXBuildFile; fileRef = 837DC70F17676BB000C7B0BE /* Default-568h@2x.png */; };
		837DC71317676BB000C7B0BE /* Default.png in Resources */ = {isa = PBXBuildFile; fileRef = 837DC71017676BB000C7B0BE /* Default.png */; };
		837DC71417676BB000C7B0BE /* Default@2x.png in Resources */ = {isa = PBXBuildFile; fileRef = 837DC71117676BB000C7B0BE /* Default@2x.png */; };
		837DC72817676DC400C7B0BE /* EZRequest.m in Sources */ = {isa = PBXBuildFile; fileRef = 837DC71817676DC400C7B0BE /* EZRequest.m */; };
		837DC72A17676DC400C7B0BE /* TXLAppDelegate.m in Sources */ = {isa = PBXBuildFile; fileRef = 837DC71F17676DC400C7B0BE /* TXLAppDelegate.m */; };
		837DC72B17676DC400C7B0BE /* AccountEntity.m in Sources */ = {isa = PBXBuildFile; fileRef = 837DC72217676DC400C7B0BE /* AccountEntity.m */; };
		837DC72C17676DC400C7B0BE /* EZEntity.m in Sources */ = {isa = PBXBuildFile; fileRef = 837DC72417676DC400C7B0BE /* EZEntity.m */; };
		837DC72D17676DC400C7B0BE /* LoginEntity.m in Sources */ = {isa = PBXBuildFile; fileRef = 837DC72617676DC400C7B0BE /* LoginEntity.m */; };
		837DC74C17676DFD00C7B0BE /* AFHTTPClient.m in Sources */ = {isa = PBXBuildFile; fileRef = 837DC73117676DFD00C7B0BE /* AFHTTPClient.m */; };
		837DC74D17676DFD00C7B0BE /* AFHTTPRequestOperation.m in Sources */ = {isa = PBXBuildFile; fileRef = 837DC73317676DFD00C7B0BE /* AFHTTPRequestOperation.m */; };
		837DC74E17676DFD00C7B0BE /* AFImageRequestOperation.m in Sources */ = {isa = PBXBuildFile; fileRef = 837DC73517676DFD00C7B0BE /* AFImageRequestOperation.m */; };
		837DC74F17676DFD00C7B0BE /* AFJSONRequestOperation.m in Sources */ = {isa = PBXBuildFile; fileRef = 837DC73717676DFD00C7B0BE /* AFJSONRequestOperation.m */; };
		837DC75017676DFD00C7B0BE /* AFNetworkActivityIndicatorManager.m in Sources */ = {isa = PBXBuildFile; fileRef = 837DC73917676DFD00C7B0BE /* AFNetworkActivityIndicatorManager.m */; };
		837DC75117676DFD00C7B0BE /* AFPropertyListRequestOperation.m in Sources */ = {isa = PBXBuildFile; fileRef = 837DC73C17676DFD00C7B0BE /* AFPropertyListRequestOperation.m */; };
		837DC75217676DFD00C7B0BE /* AFURLConnectionOperation.m in Sources */ = {isa = PBXBuildFile; fileRef = 837DC73E17676DFD00C7B0BE /* AFURLConnectionOperation.m */; };
		837DC75317676DFD00C7B0BE /* AFXMLRequestOperation.m in Sources */ = {isa = PBXBuildFile; fileRef = 837DC74017676DFD00C7B0BE /* AFXMLRequestOperation.m */; };
		837DC75417676DFD00C7B0BE /* UIImageView+AFNetworking.m in Sources */ = {isa = PBXBuildFile; fileRef = 837DC74217676DFD00C7B0BE /* UIImageView+AFNetworking.m */; };
		837DC75517676DFD00C7B0BE /* JSONKit.m in Sources */ = {isa = PBXBuildFile; fileRef = 837DC74517676DFD00C7B0BE /* JSONKit.m */; settings = {COMPILER_FLAGS = "-fno-objc-arc"; }; };
		837DC75617676DFD00C7B0BE /* MBProgressHUD.m in Sources */ = {isa = PBXBuildFile; fileRef = 837DC74817676DFD00C7B0BE /* MBProgressHUD.m */; };
		837DC75717676DFD00C7B0BE /* TPKeyboardAvoidingScrollView.m in Sources */ = {isa = PBXBuildFile; fileRef = 837DC74B17676DFD00C7B0BE /* TPKeyboardAvoidingScrollView.m */; };
		837DC75A1767704B00C7B0BE /* EZNavigationController.m in Sources */ = {isa = PBXBuildFile; fileRef = 837DC7591767704B00C7B0BE /* EZNavigationController.m */; };
		837DC75D1767706500C7B0BE /* EZRootViewController.m in Sources */ = {isa = PBXBuildFile; fileRef = 837DC75C1767706500C7B0BE /* EZRootViewController.m */; };
		837DC764176771BA00C7B0BE /* EZTabbarController.m in Sources */ = {isa = PBXBuildFile; fileRef = 837DC763176771BA00C7B0BE /* EZTabbarController.m */; };
		837DC7711767720300C7B0BE /* EZTabbar.m in Sources */ = {isa = PBXBuildFile; fileRef = 837DC7701767720300C7B0BE /* EZTabbar.m */; };
		837DC7741767721300C7B0BE /* EZTabbarItem.m in Sources */ = {isa = PBXBuildFile; fileRef = 837DC7731767721300C7B0BE /* EZTabbarItem.m */; };
		837DC778176773CB00C7B0BE /* UIView+EZ.m in Sources */ = {isa = PBXBuildFile; fileRef = 837DC777176773CB00C7B0BE /* UIView+EZ.m */; };
		837DC77D1767786D00C7B0BE /* QuartzCore.framework in Frameworks */ = {isa = PBXBuildFile; fileRef = 837DC77C1767786C00C7B0BE /* QuartzCore.framework */; };
		837DC780176778F500C7B0BE /* NSString+EZ.m in Sources */ = {isa = PBXBuildFile; fileRef = 837DC77F176778F500C7B0BE /* NSString+EZ.m */; };
		837DC781176779F000C7B0BE /* CurledViewBase.m in Sources */ = {isa = PBXBuildFile; fileRef = 837DC77A1767740400C7B0BE /* CurledViewBase.m */; };
		837DC78517677A3800C7B0BE /* IndexViewController.m in Sources */ = {isa = PBXBuildFile; fileRef = 837DC78417677A3800C7B0BE /* IndexViewController.m */; };
		837DC78917677E1600C7B0BE /* TabBar.png in Resources */ = {isa = PBXBuildFile; fileRef = 837DC78717677E1600C7B0BE /* TabBar.png */; };
		837DC78A17677E1600C7B0BE /* TabBar@2x.png in Resources */ = {isa = PBXBuildFile; fileRef = 837DC78817677E1600C7B0BE /* TabBar@2x.png */; };
		837DC79F17677F9500C7B0BE /* TabButtonBgImage.png in Resources */ = {isa = PBXBuildFile; fileRef = 837DC78B17677F9500C7B0BE /* TabButtonBgImage.png */; };
		837DC7A017677F9500C7B0BE /* TabButtonBgImage@2x.png in Resources */ = {isa = PBXBuildFile; fileRef = 837DC78C17677F9500C7B0BE /* TabButtonBgImage@2x.png */; };
		837DC7A117677F9500C7B0BE /* TabCenterNormal.png in Resources */ = {isa = PBXBuildFile; fileRef = 837DC78D17677F9500C7B0BE /* TabCenterNormal.png */; };
		837DC7A217677F9500C7B0BE /* TabCenterNormal@2x.png in Resources */ = {isa = PBXBuildFile; fileRef = 837DC78E17677F9500C7B0BE /* TabCenterNormal@2x.png */; };
		837DC7A317677F9500C7B0BE /* TabCenterSelect.png in Resources */ = {isa = PBXBuildFile; fileRef = 837DC78F17677F9500C7B0BE /* TabCenterSelect.png */; };
		837DC7A417677F9500C7B0BE /* TabCenterSelect@2x.png in Resources */ = {isa = PBXBuildFile; fileRef = 837DC79017677F9500C7B0BE /* TabCenterSelect@2x.png */; };
		837DC7A517677F9500C7B0BE /* TabContactNormal.png in Resources */ = {isa = PBXBuildFile; fileRef = 837DC79117677F9500C7B0BE /* TabContactNormal.png */; };
		837DC7A617677F9500C7B0BE /* TabContactNormal@2x.png in Resources */ = {isa = PBXBuildFile; fileRef = 837DC79217677F9500C7B0BE /* TabContactNormal@2x.png */; };
		837DC7A717677F9500C7B0BE /* TabContactSelect.png in Resources */ = {isa = PBXBuildFile; fileRef = 837DC79317677F9500C7B0BE /* TabContactSelect.png */; };
		837DC7A817677F9500C7B0BE /* TabContactSelect@2x.png in Resources */ = {isa = PBXBuildFile; fileRef = 837DC79417677F9500C7B0BE /* TabContactSelect@2x.png */; };
		837DC7A917677F9500C7B0BE /* TabKeyboardDialNormal.png in Resources */ = {isa = PBXBuildFile; fileRef = 837DC79517677F9500C7B0BE /* TabKeyboardDialNormal.png */; };
		837DC7AA17677F9500C7B0BE /* TabKeyboardDialNormal@2x.png in Resources */ = {isa = PBXBuildFile; fileRef = 837DC79617677F9500C7B0BE /* TabKeyboardDialNormal@2x.png */; };
		837DC7AB17677F9500C7B0BE /* TabKeyboardDownSelect.png in Resources */ = {isa = PBXBuildFile; fileRef = 837DC79717677F9500C7B0BE /* TabKeyboardDownSelect.png */; };
		837DC7AC17677F9500C7B0BE /* TabKeyboardDownSelect@2x.png in Resources */ = {isa = PBXBuildFile; fileRef = 837DC79817677F9500C7B0BE /* TabKeyboardDownSelect@2x.png */; };
		837DC7AD17677F9500C7B0BE /* TabKeyboardUpSelect.png in Resources */ = {isa = PBXBuildFile; fileRef = 837DC79917677F9500C7B0BE /* TabKeyboardUpSelect.png */; };
		837DC7AE17677F9500C7B0BE /* TabKeyboardUpSelect@2x.png in Resources */ = {isa = PBXBuildFile; fileRef = 837DC79A17677F9500C7B0BE /* TabKeyboardUpSelect@2x.png */; };
		837DC7AF17677F9500C7B0BE /* TabMessageNormal.png in Resources */ = {isa = PBXBuildFile; fileRef = 837DC79B17677F9500C7B0BE /* TabMessageNormal.png */; };
		837DC7B017677F9500C7B0BE /* TabMessageNormal@2x.png in Resources */ = {isa = PBXBuildFile; fileRef = 837DC79C17677F9500C7B0BE /* TabMessageNormal@2x.png */; };
		837DC7B117677F9500C7B0BE /* TabMessageSelect.png in Resources */ = {isa = PBXBuildFile; fileRef = 837DC79D17677F9500C7B0BE /* TabMessageSelect.png */; };
		837DC7B217677F9500C7B0BE /* TabMessageSelect@2x.png in Resources */ = {isa = PBXBuildFile; fileRef = 837DC79E17677F9500C7B0BE /* TabMessageSelect@2x.png */; };
		837DC7B51767819800C7B0BE /* NavBar.png in Resources */ = {isa = PBXBuildFile; fileRef = 837DC7B31767819800C7B0BE /* NavBar.png */; };
		837DC7B61767819800C7B0BE /* NavBar@2x.png in Resources */ = {isa = PBXBuildFile; fileRef = 837DC7B41767819800C7B0BE /* NavBar@2x.png */; };
		837DC7BD1767821300C7B0BE /* EZNavigationBar.m in Sources */ = {isa = PBXBuildFile; fileRef = 837DC7BC1767821200C7B0BE /* EZNavigationBar.m */; };
		837DC7C01767935400C7B0BE /* UIButton+EZ.m in Sources */ = {isa = PBXBuildFile; fileRef = 837DC7BF1767935400C7B0BE /* UIButton+EZ.m */; };
		837DC7C51767940500C7B0BE /* NavBackNormal.png in Resources */ = {isa = PBXBuildFile; fileRef = 837DC7C11767940500C7B0BE /* NavBackNormal.png */; };
		837DC7C61767940500C7B0BE /* NavBackNormal@2x.png in Resources */ = {isa = PBXBuildFile; fileRef = 837DC7C21767940500C7B0BE /* NavBackNormal@2x.png */; };
		837DC7C71767940500C7B0BE /* NavBackPress.png in Resources */ = {isa = PBXBuildFile; fileRef = 837DC7C31767940500C7B0BE /* NavBackPress.png */; };
		837DC7C81767940500C7B0BE /* NavBackPress@2x.png in Resources */ = {isa = PBXBuildFile; fileRef = 837DC7C41767940500C7B0BE /* NavBackPress@2x.png */; };
		837DC7CF1767942C00C7B0BE /* NavItemDisable.png in Resources */ = {isa = PBXBuildFile; fileRef = 837DC7C91767942C00C7B0BE /* NavItemDisable.png */; };
		837DC7D01767942C00C7B0BE /* NavItemDisable@2x.png in Resources */ = {isa = PBXBuildFile; fileRef = 837DC7CA1767942C00C7B0BE /* NavItemDisable@2x.png */; };
		837DC7D11767942C00C7B0BE /* NavItemNormal.png in Resources */ = {isa = PBXBuildFile; fileRef = 837DC7CB1767942C00C7B0BE /* NavItemNormal.png */; };
		837DC7D21767942C00C7B0BE /* NavItemNormal@2x.png in Resources */ = {isa = PBXBuildFile; fileRef = 837DC7CC1767942C00C7B0BE /* NavItemNormal@2x.png */; };
		837DC7D31767942C00C7B0BE /* NavItemPress.png in Resources */ = {isa = PBXBuildFile; fileRef = 837DC7CD1767942C00C7B0BE /* NavItemPress.png */; };
		837DC7D41767942C00C7B0BE /* NavItemPress@2x.png in Resources */ = {isa = PBXBuildFile; fileRef = 837DC7CE1767942C00C7B0BE /* NavItemPress@2x.png */; };
		837DC7DC1767972B00C7B0BE /* CallViewController.m in Sources */ = {isa = PBXBuildFile; fileRef = 837DC7DB1767972B00C7B0BE /* CallViewController.m */; };
		837DC7DF1767980500C7B0BE /* bg_call.png in Resources */ = {isa = PBXBuildFile; fileRef = 837DC7DD1767980500C7B0BE /* bg_call.png */; };
		837DC7E01767980500C7B0BE /* bg_call@2x.png in Resources */ = {isa = PBXBuildFile; fileRef = 837DC7DE1767980500C7B0BE /* bg_call@2x.png */; };
		837DC7F417679D7E00C7B0BE /* DialNumber48@2x.png in Resources */ = {isa = PBXBuildFile; fileRef = 837DC7E117679D7C00C7B0BE /* DialNumber48@2x.png */; };
		837DC7F517679D7E00C7B0BE /* DialNumber49.png in Resources */ = {isa = PBXBuildFile; fileRef = 837DC7E217679D7C00C7B0BE /* DialNumber49.png */; };
		837DC7F617679D7E00C7B0BE /* DialNumber49@2x.png in Resources */ = {isa = PBXBuildFile; fileRef = 837DC7E317679D7C00C7B0BE /* DialNumber49@2x.png */; };
		837DC7F717679D7E00C7B0BE /* DialNumber50.png in Resources */ = {isa = PBXBuildFile; fileRef = 837DC7E417679D7D00C7B0BE /* DialNumber50.png */; };
		837DC7F817679D7E00C7B0BE /* DialNumber50@2x.png in Resources */ = {isa = PBXBuildFile; fileRef = 837DC7E517679D7D00C7B0BE /* DialNumber50@2x.png */; };
		837DC7F917679D7E00C7B0BE /* DialNumber51.png in Resources */ = {isa = PBXBuildFile; fileRef = 837DC7E617679D7D00C7B0BE /* DialNumber51.png */; };
		837DC7FA17679D7E00C7B0BE /* DialNumber51@2x.png in Resources */ = {isa = PBXBuildFile; fileRef = 837DC7E717679D7D00C7B0BE /* DialNumber51@2x.png */; };
		837DC7FB17679D7E00C7B0BE /* DialNumber52.png in Resources */ = {isa = PBXBuildFile; fileRef = 837DC7E817679D7D00C7B0BE /* DialNumber52.png */; };
		837DC7FC17679D7E00C7B0BE /* DialNumber52@2x.png in Resources */ = {isa = PBXBuildFile; fileRef = 837DC7E917679D7D00C7B0BE /* DialNumber52@2x.png */; };
		837DC7FD17679D7E00C7B0BE /* DialNumber53.png in Resources */ = {isa = PBXBuildFile; fileRef = 837DC7EA17679D7D00C7B0BE /* DialNumber53.png */; };
		837DC7FE17679D7E00C7B0BE /* DialNumber53@2x.png in Resources */ = {isa = PBXBuildFile; fileRef = 837DC7EB17679D7D00C7B0BE /* DialNumber53@2x.png */; };
		837DC7FF17679D7E00C7B0BE /* DialNumber54.png in Resources */ = {isa = PBXBuildFile; fileRef = 837DC7EC17679D7D00C7B0BE /* DialNumber54.png */; };
		837DC80017679D7E00C7B0BE /* DialNumber54@2x.png in Resources */ = {isa = PBXBuildFile; fileRef = 837DC7ED17679D7E00C7B0BE /* DialNumber54@2x.png */; };
		837DC80117679D7E00C7B0BE /* DialNumber55.png in Resources */ = {isa = PBXBuildFile; fileRef = 837DC7EE17679D7E00C7B0BE /* DialNumber55.png */; };
		837DC80217679D7E00C7B0BE /* DialNumber55@2x.png in Resources */ = {isa = PBXBuildFile; fileRef = 837DC7EF17679D7E00C7B0BE /* DialNumber55@2x.png */; };
		837DC80317679D7E00C7B0BE /* DialNumber56.png in Resources */ = {isa = PBXBuildFile; fileRef = 837DC7F017679D7E00C7B0BE /* DialNumber56.png */; };
		837DC80417679D7E00C7B0BE /* DialNumber56@2x.png in Resources */ = {isa = PBXBuildFile; fileRef = 837DC7F117679D7E00C7B0BE /* DialNumber56@2x.png */; };
		837DC80517679D7E00C7B0BE /* DialNumber57.png in Resources */ = {isa = PBXBuildFile; fileRef = 837DC7F217679D7E00C7B0BE /* DialNumber57.png */; };
		837DC80617679D7E00C7B0BE /* DialNumber57@2x.png in Resources */ = {isa = PBXBuildFile; fileRef = 837DC7F317679D7E00C7B0BE /* DialNumber57@2x.png */; };
		837DC80B17679F2E00C7B0BE /* KeyboardBgNormal.png in Resources */ = {isa = PBXBuildFile; fileRef = 837DC80717679F2E00C7B0BE /* KeyboardBgNormal.png */; };
		837DC80C17679F2E00C7B0BE /* KeyboardBgNormal@2x.png in Resources */ = {isa = PBXBuildFile; fileRef = 837DC80817679F2E00C7B0BE /* KeyboardBgNormal@2x.png */; };
		837DC80D17679F2E00C7B0BE /* KeyboardBgPress.png in Resources */ = {isa = PBXBuildFile; fileRef = 837DC80917679F2E00C7B0BE /* KeyboardBgPress.png */; };
		837DC80E17679F2E00C7B0BE /* KeyboardBgPress@2x.png in Resources */ = {isa = PBXBuildFile; fileRef = 837DC80A17679F2E00C7B0BE /* KeyboardBgPress@2x.png */; };
/* End PBXBuildFile section */

/* Begin PBXFileReference section */
		837DC6931767161900C7B0BE /* Tongxunlu.app */ = {isa = PBXFileReference; explicitFileType = wrapper.application; includeInIndex = 0; path = Tongxunlu.app; sourceTree = BUILT_PRODUCTS_DIR; };
		837DC6961767161900C7B0BE /* UIKit.framework */ = {isa = PBXFileReference; lastKnownFileType = wrapper.framework; name = UIKit.framework; path = System/Library/Frameworks/UIKit.framework; sourceTree = SDKROOT; };
		837DC6981767161900C7B0BE /* Foundation.framework */ = {isa = PBXFileReference; lastKnownFileType = wrapper.framework; name = Foundation.framework; path = System/Library/Frameworks/Foundation.framework; sourceTree = SDKROOT; };
		837DC69A1767161900C7B0BE /* CoreGraphics.framework */ = {isa = PBXFileReference; lastKnownFileType = wrapper.framework; name = CoreGraphics.framework; path = System/Library/Frameworks/CoreGraphics.framework; sourceTree = SDKROOT; };
		837DC69E1767161900C7B0BE /* Tongxunlu-Info.plist */ = {isa = PBXFileReference; lastKnownFileType = text.plist.xml; path = "Tongxunlu-Info.plist"; sourceTree = "<group>"; };
		837DC6A01767161900C7B0BE /* en */ = {isa = PBXFileReference; lastKnownFileType = text.plist.strings; name = en; path = en.lproj/InfoPlist.strings; sourceTree = "<group>"; };
		837DC6A21767161900C7B0BE /* main.m */ = {isa = PBXFileReference; lastKnownFileType = sourcecode.c.objc; path = main.m; sourceTree = "<group>"; };
		837DC6A41767161900C7B0BE /* Tongxunlu-Prefix.pch */ = {isa = PBXFileReference; lastKnownFileType = sourcecode.c.h; path = "Tongxunlu-Prefix.pch"; sourceTree = "<group>"; };
		837DC6F617672EAA00C7B0BE /* MobileCoreServices.framework */ = {isa = PBXFileReference; lastKnownFileType = wrapper.framework; name = MobileCoreServices.framework; path = System/Library/Frameworks/MobileCoreServices.framework; sourceTree = SDKROOT; };
		837DC6F817672EB400C7B0BE /* SystemConfiguration.framework */ = {isa = PBXFileReference; lastKnownFileType = wrapper.framework; name = SystemConfiguration.framework; path = System/Library/Frameworks/SystemConfiguration.framework; sourceTree = SDKROOT; };
		837DC6FC176767E900C7B0BE /* Icon-72.png */ = {isa = PBXFileReference; lastKnownFileType = image.png; path = "Icon-72.png"; sourceTree = "<group>"; };
		837DC6FD176767E900C7B0BE /* Icon-72@2x.png */ = {isa = PBXFileReference; lastKnownFileType = image.png; path = "Icon-72@2x.png"; sourceTree = "<group>"; };
		837DC6FE176767E900C7B0BE /* Icon-Small-50.png */ = {isa = PBXFileReference; lastKnownFileType = image.png; path = "Icon-Small-50.png"; sourceTree = "<group>"; };
		837DC6FF176767E900C7B0BE /* Icon-Small-50@2x.png */ = {isa = PBXFileReference; lastKnownFileType = image.png; path = "Icon-Small-50@2x.png"; sourceTree = "<group>"; };
		837DC700176767E900C7B0BE /* Icon-Small.png */ = {isa = PBXFileReference; lastKnownFileType = image.png; path = "Icon-Small.png"; sourceTree = "<group>"; };
		837DC701176767E900C7B0BE /* Icon-Small@2x.png */ = {isa = PBXFileReference; lastKnownFileType = image.png; path = "Icon-Small@2x.png"; sourceTree = "<group>"; };
		837DC702176767E900C7B0BE /* Icon.png */ = {isa = PBXFileReference; lastKnownFileType = image.png; path = Icon.png; sourceTree = "<group>"; };
		837DC703176767E900C7B0BE /* Icon@2x.png */ = {isa = PBXFileReference; lastKnownFileType = image.png; path = "Icon@2x.png"; sourceTree = "<group>"; };
		837DC704176767E900C7B0BE /* iTunesArtwork */ = {isa = PBXFileReference; lastKnownFileType = file; path = iTunesArtwork; sourceTree = "<group>"; };
		837DC70F17676BB000C7B0BE /* Default-568h@2x.png */ = {isa = PBXFileReference; lastKnownFileType = image.png; path = "Default-568h@2x.png"; sourceTree = "<group>"; };
		837DC71017676BB000C7B0BE /* Default.png */ = {isa = PBXFileReference; lastKnownFileType = image.png; path = Default.png; sourceTree = "<group>"; };
		837DC71117676BB000C7B0BE /* Default@2x.png */ = {isa = PBXFileReference; lastKnownFileType = image.png; path = "Default@2x.png"; sourceTree = "<group>"; };
		837DC71717676DC400C7B0BE /* EZRequest.h */ = {isa = PBXFileReference; fileEncoding = 4; lastKnownFileType = sourcecode.c.h; path = EZRequest.h; sourceTree = "<group>"; };
		837DC71817676DC400C7B0BE /* EZRequest.m */ = {isa = PBXFileReference; fileEncoding = 4; lastKnownFileType = sourcecode.c.objc; path = EZRequest.m; sourceTree = "<group>"; };
		837DC71E17676DC400C7B0BE /* TXLAppDelegate.h */ = {isa = PBXFileReference; fileEncoding = 4; lastKnownFileType = sourcecode.c.h; path = TXLAppDelegate.h; sourceTree = "<group>"; };
		837DC71F17676DC400C7B0BE /* TXLAppDelegate.m */ = {isa = PBXFileReference; fileEncoding = 4; lastKnownFileType = sourcecode.c.objc; path = TXLAppDelegate.m; sourceTree = "<group>"; };
		837DC72117676DC400C7B0BE /* AccountEntity.h */ = {isa = PBXFileReference; fileEncoding = 4; lastKnownFileType = sourcecode.c.h; path = AccountEntity.h; sourceTree = "<group>"; };
		837DC72217676DC400C7B0BE /* AccountEntity.m */ = {isa = PBXFileReference; fileEncoding = 4; lastKnownFileType = sourcecode.c.objc; path = AccountEntity.m; sourceTree = "<group>"; };
		837DC72317676DC400C7B0BE /* EZEntity.h */ = {isa = PBXFileReference; fileEncoding = 4; lastKnownFileType = sourcecode.c.h; path = EZEntity.h; sourceTree = "<group>"; };
		837DC72417676DC400C7B0BE /* EZEntity.m */ = {isa = PBXFileReference; fileEncoding = 4; lastKnownFileType = sourcecode.c.objc; path = EZEntity.m; sourceTree = "<group>"; };
		837DC72517676DC400C7B0BE /* LoginEntity.h */ = {isa = PBXFileReference; fileEncoding = 4; lastKnownFileType = sourcecode.c.h; path = LoginEntity.h; sourceTree = "<group>"; };
		837DC72617676DC400C7B0BE /* LoginEntity.m */ = {isa = PBXFileReference; fileEncoding = 4; lastKnownFileType = sourcecode.c.objc; path = LoginEntity.m; sourceTree = "<group>"; };
		837DC73017676DFD00C7B0BE /* AFHTTPClient.h */ = {isa = PBXFileReference; fileEncoding = 4; lastKnownFileType = sourcecode.c.h; path = AFHTTPClient.h; sourceTree = "<group>"; };
		837DC73117676DFD00C7B0BE /* AFHTTPClient.m */ = {isa = PBXFileReference; fileEncoding = 4; lastKnownFileType = sourcecode.c.objc; path = AFHTTPClient.m; sourceTree = "<group>"; };
		837DC73217676DFD00C7B0BE /* AFHTTPRequestOperation.h */ = {isa = PBXFileReference; fileEncoding = 4; lastKnownFileType = sourcecode.c.h; path = AFHTTPRequestOperation.h; sourceTree = "<group>"; };
		837DC73317676DFD00C7B0BE /* AFHTTPRequestOperation.m */ = {isa = PBXFileReference; fileEncoding = 4; lastKnownFileType = sourcecode.c.objc; path = AFHTTPRequestOperation.m; sourceTree = "<group>"; };
		837DC73417676DFD00C7B0BE /* AFImageRequestOperation.h */ = {isa = PBXFileReference; fileEncoding = 4; lastKnownFileType = sourcecode.c.h; path = AFImageRequestOperation.h; sourceTree = "<group>"; };
		837DC73517676DFD00C7B0BE /* AFImageRequestOperation.m */ = {isa = PBXFileReference; fileEncoding = 4; lastKnownFileType = sourcecode.c.objc; path = AFImageRequestOperation.m; sourceTree = "<group>"; };
		837DC73617676DFD00C7B0BE /* AFJSONRequestOperation.h */ = {isa = PBXFileReference; fileEncoding = 4; lastKnownFileType = sourcecode.c.h; path = AFJSONRequestOperation.h; sourceTree = "<group>"; };
		837DC73717676DFD00C7B0BE /* AFJSONRequestOperation.m */ = {isa = PBXFileReference; fileEncoding = 4; lastKnownFileType = sourcecode.c.objc; path = AFJSONRequestOperation.m; sourceTree = "<group>"; };
		837DC73817676DFD00C7B0BE /* AFNetworkActivityIndicatorManager.h */ = {isa = PBXFileReference; fileEncoding = 4; lastKnownFileType = sourcecode.c.h; path = AFNetworkActivityIndicatorManager.h; sourceTree = "<group>"; };
		837DC73917676DFD00C7B0BE /* AFNetworkActivityIndicatorManager.m */ = {isa = PBXFileReference; fileEncoding = 4; lastKnownFileType = sourcecode.c.objc; path = AFNetworkActivityIndicatorManager.m; sourceTree = "<group>"; };
		837DC73A17676DFD00C7B0BE /* AFNetworking.h */ = {isa = PBXFileReference; fileEncoding = 4; lastKnownFileType = sourcecode.c.h; path = AFNetworking.h; sourceTree = "<group>"; };
		837DC73B17676DFD00C7B0BE /* AFPropertyListRequestOperation.h */ = {isa = PBXFileReference; fileEncoding = 4; lastKnownFileType = sourcecode.c.h; path = AFPropertyListRequestOperation.h; sourceTree = "<group>"; };
		837DC73C17676DFD00C7B0BE /* AFPropertyListRequestOperation.m */ = {isa = PBXFileReference; fileEncoding = 4; lastKnownFileType = sourcecode.c.objc; path = AFPropertyListRequestOperation.m; sourceTree = "<group>"; };
		837DC73D17676DFD00C7B0BE /* AFURLConnectionOperation.h */ = {isa = PBXFileReference; fileEncoding = 4; lastKnownFileType = sourcecode.c.h; path = AFURLConnectionOperation.h; sourceTree = "<group>"; };
		837DC73E17676DFD00C7B0BE /* AFURLConnectionOperation.m */ = {isa = PBXFileReference; fileEncoding = 4; lastKnownFileType = sourcecode.c.objc; path = AFURLConnectionOperation.m; sourceTree = "<group>"; };
		837DC73F17676DFD00C7B0BE /* AFXMLRequestOperation.h */ = {isa = PBXFileReference; fileEncoding = 4; lastKnownFileType = sourcecode.c.h; path = AFXMLRequestOperation.h; sourceTree = "<group>"; };
		837DC74017676DFD00C7B0BE /* AFXMLRequestOperation.m */ = {isa = PBXFileReference; fileEncoding = 4; lastKnownFileType = sourcecode.c.objc; path = AFXMLRequestOperation.m; sourceTree = "<group>"; };
		837DC74117676DFD00C7B0BE /* UIImageView+AFNetworking.h */ = {isa = PBXFileReference; fileEncoding = 4; lastKnownFileType = sourcecode.c.h; path = "UIImageView+AFNetworking.h"; sourceTree = "<group>"; };
		837DC74217676DFD00C7B0BE /* UIImageView+AFNetworking.m */ = {isa = PBXFileReference; fileEncoding = 4; lastKnownFileType = sourcecode.c.objc; path = "UIImageView+AFNetworking.m"; sourceTree = "<group>"; };
		837DC74417676DFD00C7B0BE /* JSONKit.h */ = {isa = PBXFileReference; fileEncoding = 4; lastKnownFileType = sourcecode.c.h; path = JSONKit.h; sourceTree = "<group>"; };
		837DC74517676DFD00C7B0BE /* JSONKit.m */ = {isa = PBXFileReference; fileEncoding = 4; lastKnownFileType = sourcecode.c.objc; path = JSONKit.m; sourceTree = "<group>"; };
		837DC74717676DFD00C7B0BE /* MBProgressHUD.h */ = {isa = PBXFileReference; fileEncoding = 4; lastKnownFileType = sourcecode.c.h; path = MBProgressHUD.h; sourceTree = "<group>"; };
		837DC74817676DFD00C7B0BE /* MBProgressHUD.m */ = {isa = PBXFileReference; fileEncoding = 4; lastKnownFileType = sourcecode.c.objc; path = MBProgressHUD.m; sourceTree = "<group>"; };
		837DC74A17676DFD00C7B0BE /* TPKeyboardAvoidingScrollView.h */ = {isa = PBXFileReference; fileEncoding = 4; lastKnownFileType = sourcecode.c.h; path = TPKeyboardAvoidingScrollView.h; sourceTree = "<group>"; };
		837DC74B17676DFD00C7B0BE /* TPKeyboardAvoidingScrollView.m */ = {isa = PBXFileReference; fileEncoding = 4; lastKnownFileType = sourcecode.c.objc; path = TPKeyboardAvoidingScrollView.m; sourceTree = "<group>"; };
		837DC7581767704B00C7B0BE /* EZNavigationController.h */ = {isa = PBXFileReference; fileEncoding = 4; lastKnownFileType = sourcecode.c.h; path = EZNavigationController.h; sourceTree = "<group>"; };
		837DC7591767704B00C7B0BE /* EZNavigationController.m */ = {isa = PBXFileReference; fileEncoding = 4; lastKnownFileType = sourcecode.c.objc; path = EZNavigationController.m; sourceTree = "<group>"; };
		837DC75B1767706500C7B0BE /* EZRootViewController.h */ = {isa = PBXFileReference; fileEncoding = 4; lastKnownFileType = sourcecode.c.h; path = EZRootViewController.h; sourceTree = "<group>"; };
		837DC75C1767706500C7B0BE /* EZRootViewController.m */ = {isa = PBXFileReference; fileEncoding = 4; lastKnownFileType = sourcecode.c.objc; path = EZRootViewController.m; sourceTree = "<group>"; };
		837DC762176771BA00C7B0BE /* EZTabbarController.h */ = {isa = PBXFileReference; fileEncoding = 4; lastKnownFileType = sourcecode.c.h; path = EZTabbarController.h; sourceTree = "<group>"; };
		837DC763176771BA00C7B0BE /* EZTabbarController.m */ = {isa = PBXFileReference; fileEncoding = 4; lastKnownFileType = sourcecode.c.objc; path = EZTabbarController.m; sourceTree = "<group>"; };
		837DC76F1767720300C7B0BE /* EZTabbar.h */ = {isa = PBXFileReference; fileEncoding = 4; lastKnownFileType = sourcecode.c.h; path = EZTabbar.h; sourceTree = "<group>"; };
		837DC7701767720300C7B0BE /* EZTabbar.m */ = {isa = PBXFileReference; fileEncoding = 4; lastKnownFileType = sourcecode.c.objc; path = EZTabbar.m; sourceTree = "<group>"; };
		837DC7721767721300C7B0BE /* EZTabbarItem.h */ = {isa = PBXFileReference; fileEncoding = 4; lastKnownFileType = sourcecode.c.h; path = EZTabbarItem.h; sourceTree = "<group>"; };
		837DC7731767721300C7B0BE /* EZTabbarItem.m */ = {isa = PBXFileReference; fileEncoding = 4; lastKnownFileType = sourcecode.c.objc; path = EZTabbarItem.m; sourceTree = "<group>"; };
		837DC776176773CB00C7B0BE /* UIView+EZ.h */ = {isa = PBXFileReference; fileEncoding = 4; lastKnownFileType = sourcecode.c.h; path = "UIView+EZ.h"; sourceTree = "<group>"; };
		837DC777176773CB00C7B0BE /* UIView+EZ.m */ = {isa = PBXFileReference; fileEncoding = 4; lastKnownFileType = sourcecode.c.objc; path = "UIView+EZ.m"; sourceTree = "<group>"; };
		837DC7791767740300C7B0BE /* CurledViewBase.h */ = {isa = PBXFileReference; lastKnownFileType = sourcecode.c.h; path = CurledViewBase.h; sourceTree = "<group>"; };
		837DC77A1767740400C7B0BE /* CurledViewBase.m */ = {isa = PBXFileReference; lastKnownFileType = sourcecode.c.objc; path = CurledViewBase.m; sourceTree = "<group>"; };
		837DC77B1767757900C7B0BE /* Constant.h */ = {isa = PBXFileReference; lastKnownFileType = sourcecode.c.h; path = Constant.h; sourceTree = "<group>"; };
		837DC77C1767786C00C7B0BE /* QuartzCore.framework */ = {isa = PBXFileReference; lastKnownFileType = wrapper.framework; name = QuartzCore.framework; path = System/Library/Frameworks/QuartzCore.framework; sourceTree = SDKROOT; };
		837DC77E176778F500C7B0BE /* NSString+EZ.h */ = {isa = PBXFileReference; fileEncoding = 4; lastKnownFileType = sourcecode.c.h; path = "NSString+EZ.h"; sourceTree = "<group>"; };
		837DC77F176778F500C7B0BE /* NSString+EZ.m */ = {isa = PBXFileReference; fileEncoding = 4; lastKnownFileType = sourcecode.c.objc; path = "NSString+EZ.m"; sourceTree = "<group>"; };
		837DC78317677A3800C7B0BE /* IndexViewController.h */ = {isa = PBXFileReference; fileEncoding = 4; lastKnownFileType = sourcecode.c.h; path = IndexViewController.h; sourceTree = "<group>"; };
		837DC78417677A3800C7B0BE /* IndexViewController.m */ = {isa = PBXFileReference; fileEncoding = 4; lastKnownFileType = sourcecode.c.objc; path = IndexViewController.m; sourceTree = "<group>"; };
		837DC78717677E1600C7B0BE /* TabBar.png */ = {isa = PBXFileReference; lastKnownFileType = image.png; path = TabBar.png; sourceTree = "<group>"; };
		837DC78817677E1600C7B0BE /* TabBar@2x.png */ = {isa = PBXFileReference; lastKnownFileType = image.png; path = "TabBar@2x.png"; sourceTree = "<group>"; };
		837DC78B17677F9500C7B0BE /* TabButtonBgImage.png */ = {isa = PBXFileReference; lastKnownFileType = image.png; path = TabButtonBgImage.png; sourceTree = "<group>"; };
		837DC78C17677F9500C7B0BE /* TabButtonBgImage@2x.png */ = {isa = PBXFileReference; lastKnownFileType = image.png; path = "TabButtonBgImage@2x.png"; sourceTree = "<group>"; };
		837DC78D17677F9500C7B0BE /* TabCenterNormal.png */ = {isa = PBXFileReference; lastKnownFileType = image.png; path = TabCenterNormal.png; sourceTree = "<group>"; };
		837DC78E17677F9500C7B0BE /* TabCenterNormal@2x.png */ = {isa = PBXFileReference; lastKnownFileType = image.png; path = "TabCenterNormal@2x.png"; sourceTree = "<group>"; };
		837DC78F17677F9500C7B0BE /* TabCenterSelect.png */ = {isa = PBXFileReference; lastKnownFileType = image.png; path = TabCenterSelect.png; sourceTree = "<group>"; };
		837DC79017677F9500C7B0BE /* TabCenterSelect@2x.png */ = {isa = PBXFileReference; lastKnownFileType = image.png; path = "TabCenterSelect@2x.png"; sourceTree = "<group>"; };
		837DC79117677F9500C7B0BE /* TabContactNormal.png */ = {isa = PBXFileReference; lastKnownFileType = image.png; path = TabContactNormal.png; sourceTree = "<group>"; };
		837DC79217677F9500C7B0BE /* TabContactNormal@2x.png */ = {isa = PBXFileReference; lastKnownFileType = image.png; path = "TabContactNormal@2x.png"; sourceTree = "<group>"; };
		837DC79317677F9500C7B0BE /* TabContactSelect.png */ = {isa = PBXFileReference; lastKnownFileType = image.png; path = TabContactSelect.png; sourceTree = "<group>"; };
		837DC79417677F9500C7B0BE /* TabContactSelect@2x.png */ = {isa = PBXFileReference; lastKnownFileType = image.png; path = "TabContactSelect@2x.png"; sourceTree = "<group>"; };
		837DC79517677F9500C7B0BE /* TabKeyboardDialNormal.png */ = {isa = PBXFileReference; lastKnownFileType = image.png; path = TabKeyboardDialNormal.png; sourceTree = "<group>"; };
		837DC79617677F9500C7B0BE /* TabKeyboardDialNormal@2x.png */ = {isa = PBXFileReference; lastKnownFileType = image.png; path = "TabKeyboardDialNormal@2x.png"; sourceTree = "<group>"; };
		837DC79717677F9500C7B0BE /* TabKeyboardDownSelect.png */ = {isa = PBXFileReference; lastKnownFileType = image.png; path = TabKeyboardDownSelect.png; sourceTree = "<group>"; };
		837DC79817677F9500C7B0BE /* TabKeyboardDownSelect@2x.png */ = {isa = PBXFileReference; lastKnownFileType = image.png; path = "TabKeyboardDownSelect@2x.png"; sourceTree = "<group>"; };
		837DC79917677F9500C7B0BE /* TabKeyboardUpSelect.png */ = {isa = PBXFileReference; lastKnownFileType = image.png; path = TabKeyboardUpSelect.png; sourceTree = "<group>"; };
		837DC79A17677F9500C7B0BE /* TabKeyboardUpSelect@2x.png */ = {isa = PBXFileReference; lastKnownFileType = image.png; path = "TabKeyboardUpSelect@2x.png"; sourceTree = "<group>"; };
		837DC79B17677F9500C7B0BE /* TabMessageNormal.png */ = {isa = PBXFileReference; lastKnownFileType = image.png; path = TabMessageNormal.png; sourceTree = "<group>"; };
		837DC79C17677F9500C7B0BE /* TabMessageNormal@2x.png */ = {isa = PBXFileReference; lastKnownFileType = image.png; path = "TabMessageNormal@2x.png"; sourceTree = "<group>"; };
		837DC79D17677F9500C7B0BE /* TabMessageSelect.png */ = {isa = PBXFileReference; lastKnownFileType = image.png; path = TabMessageSelect.png; sourceTree = "<group>"; };
		837DC79E17677F9500C7B0BE /* TabMessageSelect@2x.png */ = {isa = PBXFileReference; lastKnownFileType = image.png; path = "TabMessageSelect@2x.png"; sourceTree = "<group>"; };
		837DC7B31767819800C7B0BE /* NavBar.png */ = {isa = PBXFileReference; lastKnownFileType = image.png; path = NavBar.png; sourceTree = "<group>"; };
		837DC7B41767819800C7B0BE /* NavBar@2x.png */ = {isa = PBXFileReference; lastKnownFileType = image.png; path = "NavBar@2x.png"; sourceTree = "<group>"; };
		837DC7BB1767821200C7B0BE /* EZNavigationBar.h */ = {isa = PBXFileReference; fileEncoding = 4; lastKnownFileType = sourcecode.c.h; path = EZNavigationBar.h; sourceTree = "<group>"; };
		837DC7BC1767821200C7B0BE /* EZNavigationBar.m */ = {isa = PBXFileReference; fileEncoding = 4; lastKnownFileType = sourcecode.c.objc; path = EZNavigationBar.m; sourceTree = "<group>"; };
		837DC7BE1767935300C7B0BE /* UIButton+EZ.h */ = {isa = PBXFileReference; fileEncoding = 4; lastKnownFileType = sourcecode.c.h; path = "UIButton+EZ.h"; sourceTree = "<group>"; };
		837DC7BF1767935400C7B0BE /* UIButton+EZ.m */ = {isa = PBXFileReference; fileEncoding = 4; lastKnownFileType = sourcecode.c.objc; path = "UIButton+EZ.m"; sourceTree = "<group>"; };
		837DC7C11767940500C7B0BE /* NavBackNormal.png */ = {isa = PBXFileReference; lastKnownFileType = image.png; path = NavBackNormal.png; sourceTree = "<group>"; };
		837DC7C21767940500C7B0BE /* NavBackNormal@2x.png */ = {isa = PBXFileReference; lastKnownFileType = image.png; path = "NavBackNormal@2x.png"; sourceTree = "<group>"; };
		837DC7C31767940500C7B0BE /* NavBackPress.png */ = {isa = PBXFileReference; lastKnownFileType = image.png; path = NavBackPress.png; sourceTree = "<group>"; };
		837DC7C41767940500C7B0BE /* NavBackPress@2x.png */ = {isa = PBXFileReference; lastKnownFileType = image.png; path = "NavBackPress@2x.png"; sourceTree = "<group>"; };
		837DC7C91767942C00C7B0BE /* NavItemDisable.png */ = {isa = PBXFileReference; lastKnownFileType = image.png; path = NavItemDisable.png; sourceTree = "<group>"; };
		837DC7CA1767942C00C7B0BE /* NavItemDisable@2x.png */ = {isa = PBXFileReference; lastKnownFileType = image.png; path = "NavItemDisable@2x.png"; sourceTree = "<group>"; };
		837DC7CB1767942C00C7B0BE /* NavItemNormal.png */ = {isa = PBXFileReference; lastKnownFileType = image.png; path = NavItemNormal.png; sourceTree = "<group>"; };
		837DC7CC1767942C00C7B0BE /* NavItemNormal@2x.png */ = {isa = PBXFileReference; lastKnownFileType = image.png; path = "NavItemNormal@2x.png"; sourceTree = "<group>"; };
		837DC7CD1767942C00C7B0BE /* NavItemPress.png */ = {isa = PBXFileReference; lastKnownFileType = image.png; path = NavItemPress.png; sourceTree = "<group>"; };
		837DC7CE1767942C00C7B0BE /* NavItemPress@2x.png */ = {isa = PBXFileReference; lastKnownFileType = image.png; path = "NavItemPress@2x.png"; sourceTree = "<group>"; };
		837DC7DA1767972B00C7B0BE /* CallViewController.h */ = {isa = PBXFileReference; fileEncoding = 4; lastKnownFileType = sourcecode.c.h; path = CallViewController.h; sourceTree = "<group>"; };
		837DC7DB1767972B00C7B0BE /* CallViewController.m */ = {isa = PBXFileReference; fileEncoding = 4; lastKnownFileType = sourcecode.c.objc; path = CallViewController.m; sourceTree = "<group>"; };
		837DC7DD1767980500C7B0BE /* bg_call.png */ = {isa = PBXFileReference; lastKnownFileType = image.png; path = bg_call.png; sourceTree = "<group>"; };
		837DC7DE1767980500C7B0BE /* bg_call@2x.png */ = {isa = PBXFileReference; lastKnownFileType = image.png; path = "bg_call@2x.png"; sourceTree = "<group>"; };
		837DC7E117679D7C00C7B0BE /* DialNumber48@2x.png */ = {isa = PBXFileReference; lastKnownFileType = image.png; path = "DialNumber48@2x.png"; sourceTree = "<group>"; };
		837DC7E217679D7C00C7B0BE /* DialNumber49.png */ = {isa = PBXFileReference; lastKnownFileType = image.png; path = DialNumber49.png; sourceTree = "<group>"; };
		837DC7E317679D7C00C7B0BE /* DialNumber49@2x.png */ = {isa = PBXFileReference; lastKnownFileType = image.png; path = "DialNumber49@2x.png"; sourceTree = "<group>"; };
		837DC7E417679D7D00C7B0BE /* DialNumber50.png */ = {isa = PBXFileReference; lastKnownFileType = image.png; path = DialNumber50.png; sourceTree = "<group>"; };
		837DC7E517679D7D00C7B0BE /* DialNumber50@2x.png */ = {isa = PBXFileReference; lastKnownFileType = image.png; path = "DialNumber50@2x.png"; sourceTree = "<group>"; };
		837DC7E617679D7D00C7B0BE /* DialNumber51.png */ = {isa = PBXFileReference; lastKnownFileType = image.png; path = DialNumber51.png; sourceTree = "<group>"; };
		837DC7E717679D7D00C7B0BE /* DialNumber51@2x.png */ = {isa = PBXFileReference; lastKnownFileType = image.png; path = "DialNumber51@2x.png"; sourceTree = "<group>"; };
		837DC7E817679D7D00C7B0BE /* DialNumber52.png */ = {isa = PBXFileReference; lastKnownFileType = image.png; path = DialNumber52.png; sourceTree = "<group>"; };
		837DC7E917679D7D00C7B0BE /* DialNumber52@2x.png */ = {isa = PBXFileReference; lastKnownFileType = image.png; path = "DialNumber52@2x.png"; sourceTree = "<group>"; };
		837DC7EA17679D7D00C7B0BE /* DialNumber53.png */ = {isa = PBXFileReference; lastKnownFileType = image.png; path = DialNumber53.png; sourceTree = "<group>"; };
		837DC7EB17679D7D00C7B0BE /* DialNumber53@2x.png */ = {isa = PBXFileReference; lastKnownFileType = image.png; path = "DialNumber53@2x.png"; sourceTree = "<group>"; };
		837DC7EC17679D7D00C7B0BE /* DialNumber54.png */ = {isa = PBXFileReference; lastKnownFileType = image.png; path = DialNumber54.png; sourceTree = "<group>"; };
		837DC7ED17679D7E00C7B0BE /* DialNumber54@2x.png */ = {isa = PBXFileReference; lastKnownFileType = image.png; path = "DialNumber54@2x.png"; sourceTree = "<group>"; };
		837DC7EE17679D7E00C7B0BE /* DialNumber55.png */ = {isa = PBXFileReference; lastKnownFileType = image.png; path = DialNumber55.png; sourceTree = "<group>"; };
		837DC7EF17679D7E00C7B0BE /* DialNumber55@2x.png */ = {isa = PBXFileReference; lastKnownFileType = image.png; path = "DialNumber55@2x.png"; sourceTree = "<group>"; };
		837DC7F017679D7E00C7B0BE /* DialNumber56.png */ = {isa = PBXFileReference; lastKnownFileType = image.png; path = DialNumber56.png; sourceTree = "<group>"; };
		837DC7F117679D7E00C7B0BE /* DialNumber56@2x.png */ = {isa = PBXFileReference; lastKnownFileType = image.png; path = "DialNumber56@2x.png"; sourceTree = "<group>"; };
		837DC7F217679D7E00C7B0BE /* DialNumber57.png */ = {isa = PBXFileReference; lastKnownFileType = image.png; path = DialNumber57.png; sourceTree = "<group>"; };
		837DC7F317679D7E00C7B0BE /* DialNumber57@2x.png */ = {isa = PBXFileReference; lastKnownFileType = image.png; path = "DialNumber57@2x.png"; sourceTree = "<group>"; };
		837DC80717679F2E00C7B0BE /* KeyboardBgNormal.png */ = {isa = PBXFileReference; lastKnownFileType = image.png; path = KeyboardBgNormal.png; sourceTree = "<group>"; };
		837DC80817679F2E00C7B0BE /* KeyboardBgNormal@2x.png */ = {isa = PBXFileReference; lastKnownFileType = image.png; path = "KeyboardBgNormal@2x.png"; sourceTree = "<group>"; };
		837DC80917679F2E00C7B0BE /* KeyboardBgPress.png */ = {isa = PBXFileReference; lastKnownFileType = image.png; path = KeyboardBgPress.png; sourceTree = "<group>"; };
		837DC80A17679F2E00C7B0BE /* KeyboardBgPress@2x.png */ = {isa = PBXFileReference; lastKnownFileType = image.png; path = "KeyboardBgPress@2x.png"; sourceTree = "<group>"; };
/* End PBXFileReference section */

/* Begin PBXFrameworksBuildPhase section */
		837DC6901767161900C7B0BE /* Frameworks */ = {
			isa = PBXFrameworksBuildPhase;
			buildActionMask = 2147483647;
			files = (
				837DC77D1767786D00C7B0BE /* QuartzCore.framework in Frameworks */,
				837DC6F917672EB400C7B0BE /* SystemConfiguration.framework in Frameworks */,
				837DC6F717672EAA00C7B0BE /* MobileCoreServices.framework in Frameworks */,
				837DC6971767161900C7B0BE /* UIKit.framework in Frameworks */,
				837DC6991767161900C7B0BE /* Foundation.framework in Frameworks */,
				837DC69B1767161900C7B0BE /* CoreGraphics.framework in Frameworks */,
			);
			runOnlyForDeploymentPostprocessing = 0;
		};
/* End PBXFrameworksBuildPhase section */

/* Begin PBXGroup section */
		837DC68A1767161900C7B0BE = {
			isa = PBXGroup;
			children = (
				837DC69C1767161900C7B0BE /* Tongxunlu */,
				837DC6951767161900C7B0BE /* Frameworks */,
				837DC6941767161900C7B0BE /* Products */,
			);
			sourceTree = "<group>";
		};
		837DC6941767161900C7B0BE /* Products */ = {
			isa = PBXGroup;
			children = (
				837DC6931767161900C7B0BE /* Tongxunlu.app */,
			);
			name = Products;
			sourceTree = "<group>";
		};
		837DC6951767161900C7B0BE /* Frameworks */ = {
			isa = PBXGroup;
			children = (
				837DC77C1767786C00C7B0BE /* QuartzCore.framework */,
				837DC6F817672EB400C7B0BE /* SystemConfiguration.framework */,
				837DC6F617672EAA00C7B0BE /* MobileCoreServices.framework */,
				837DC6961767161900C7B0BE /* UIKit.framework */,
				837DC6981767161900C7B0BE /* Foundation.framework */,
				837DC69A1767161900C7B0BE /* CoreGraphics.framework */,
			);
			name = Frameworks;
			sourceTree = "<group>";
		};
		837DC69C1767161900C7B0BE /* Tongxunlu */ = {
			isa = PBXGroup;
			children = (
				837DC72E17676DFD00C7B0BE /* library */,
				837DC71517676DC400C7B0BE /* Classes */,
				837DC6FA176767E900C7B0BE /* resources */,
				837DC69D1767161900C7B0BE /* Supporting Files */,
			);
			path = Tongxunlu;
			sourceTree = "<group>";
		};
		837DC69D1767161900C7B0BE /* Supporting Files */ = {
			isa = PBXGroup;
			children = (
				837DC69E1767161900C7B0BE /* Tongxunlu-Info.plist */,
				837DC69F1767161900C7B0BE /* InfoPlist.strings */,
				837DC6A21767161900C7B0BE /* main.m */,
				837DC6A41767161900C7B0BE /* Tongxunlu-Prefix.pch */,
			);
			name = "Supporting Files";
			sourceTree = "<group>";
		};
		837DC6FA176767E900C7B0BE /* resources */ = {
			isa = PBXGroup;
			children = (
				837DC78617677E1600C7B0BE /* images */,
				837DC70E17676BB000C7B0BE /* splash */,
				837DC6FB176767E900C7B0BE /* icons */,
			);
			path = resources;
			sourceTree = "<group>";
		};
		837DC6FB176767E900C7B0BE /* icons */ = {
			isa = PBXGroup;
			children = (
				837DC6FC176767E900C7B0BE /* Icon-72.png */,
				837DC6FD176767E900C7B0BE /* Icon-72@2x.png */,
				837DC6FE176767E900C7B0BE /* Icon-Small-50.png */,
				837DC6FF176767E900C7B0BE /* Icon-Small-50@2x.png */,
				837DC700176767E900C7B0BE /* Icon-Small.png */,
				837DC701176767E900C7B0BE /* Icon-Small@2x.png */,
				837DC702176767E900C7B0BE /* Icon.png */,
				837DC703176767E900C7B0BE /* Icon@2x.png */,
				837DC704176767E900C7B0BE /* iTunesArtwork */,
			);
			path = icons;
			sourceTree = "<group>";
		};
		837DC70E17676BB000C7B0BE /* splash */ = {
			isa = PBXGroup;
			children = (
				837DC70F17676BB000C7B0BE /* Default-568h@2x.png */,
				837DC71017676BB000C7B0BE /* Default.png */,
				837DC71117676BB000C7B0BE /* Default@2x.png */,
			);
			path = splash;
			sourceTree = "<group>";
		};
		837DC71517676DC400C7B0BE /* Classes */ = {
			isa = PBXGroup;
			children = (
				837DC72017676DC400C7B0BE /* Model */,
				837DC72717676DC400C7B0BE /* View */,
				837DC71917676DC400C7B0BE /* Controller */,
				837DC71617676DC400C7B0BE /* Common */,
				837DC71D17676DC400C7B0BE /* Delegate */,
			);
			path = Classes;
			sourceTree = "<group>";
		};
		837DC71617676DC400C7B0BE /* Common */ = {
			isa = PBXGroup;
			children = (
				837DC7791767740300C7B0BE /* CurledViewBase.h */,
				837DC77A1767740400C7B0BE /* CurledViewBase.m */,
				837DC775176773CB00C7B0BE /* Extensions */,
				837DC71717676DC400C7B0BE /* EZRequest.h */,
				837DC71817676DC400C7B0BE /* EZRequest.m */,
				837DC77B1767757900C7B0BE /* Constant.h */,
			);
			path = Common;
			sourceTree = "<group>";
		};
		837DC71917676DC400C7B0BE /* Controller */ = {
			isa = PBXGroup;
			children = (
				837DC7D91767970D00C7B0BE /* CallController */,
				837DC78217677A1F00C7B0BE /* Index */,
				837DC761176771BA00C7B0BE /* TabbarController */,
				837DC71A17676DC400C7B0BE /* Base */,
			);
			path = Controller;
			sourceTree = "<group>";
		};
		837DC71A17676DC400C7B0BE /* Base */ = {
			isa = PBXGroup;
			children = (
				837DC7581767704B00C7B0BE /* EZNavigationController.h */,
				837DC7591767704B00C7B0BE /* EZNavigationController.m */,
				837DC75B1767706500C7B0BE /* EZRootViewController.h */,
				837DC75C1767706500C7B0BE /* EZRootViewController.m */,
			);
			path = Base;
			sourceTree = "<group>";
		};
		837DC71D17676DC400C7B0BE /* Delegate */ = {
			isa = PBXGroup;
			children = (
				837DC71E17676DC400C7B0BE /* TXLAppDelegate.h */,
				837DC71F17676DC400C7B0BE /* TXLAppDelegate.m */,
			);
			path = Delegate;
			sourceTree = "<group>";
		};
		837DC72017676DC400C7B0BE /* Model */ = {
			isa = PBXGroup;
			children = (
				837DC72117676DC400C7B0BE /* AccountEntity.h */,
				837DC72217676DC400C7B0BE /* AccountEntity.m */,
				837DC72317676DC400C7B0BE /* EZEntity.h */,
				837DC72417676DC400C7B0BE /* EZEntity.m */,
				837DC72517676DC400C7B0BE /* LoginEntity.h */,
				837DC72617676DC400C7B0BE /* LoginEntity.m */,
			);
			path = Model;
			sourceTree = "<group>";
		};
		837DC72717676DC400C7B0BE /* View */ = {
			isa = PBXGroup;
			children = (
				837DC7B7176781C700C7B0BE /* NavigationBar */,
				837DC765176771EE00C7B0BE /* Tabbar */,
			);
			path = View;
			sourceTree = "<group>";
		};
		837DC72E17676DFD00C7B0BE /* library */ = {
			isa = PBXGroup;
			children = (
				837DC72F17676DFD00C7B0BE /* AFNetworking */,
				837DC74317676DFD00C7B0BE /* JSONKit */,
				837DC74617676DFD00C7B0BE /* MBProgressHUD */,
				837DC74917676DFD00C7B0BE /* TPKeyboard */,
			);
			path = library;
			sourceTree = "<group>";
		};
		837DC72F17676DFD00C7B0BE /* AFNetworking */ = {
			isa = PBXGroup;
			children = (
				837DC73017676DFD00C7B0BE /* AFHTTPClient.h */,
				837DC73117676DFD00C7B0BE /* AFHTTPClient.m */,
				837DC73217676DFD00C7B0BE /* AFHTTPRequestOperation.h */,
				837DC73317676DFD00C7B0BE /* AFHTTPRequestOperation.m */,
				837DC73417676DFD00C7B0BE /* AFImageRequestOperation.h */,
				837DC73517676DFD00C7B0BE /* AFImageRequestOperation.m */,
				837DC73617676DFD00C7B0BE /* AFJSONRequestOperation.h */,
				837DC73717676DFD00C7B0BE /* AFJSONRequestOperation.m */,
				837DC73817676DFD00C7B0BE /* AFNetworkActivityIndicatorManager.h */,
				837DC73917676DFD00C7B0BE /* AFNetworkActivityIndicatorManager.m */,
				837DC73A17676DFD00C7B0BE /* AFNetworking.h */,
				837DC73B17676DFD00C7B0BE /* AFPropertyListRequestOperation.h */,
				837DC73C17676DFD00C7B0BE /* AFPropertyListRequestOperation.m */,
				837DC73D17676DFD00C7B0BE /* AFURLConnectionOperation.h */,
				837DC73E17676DFD00C7B0BE /* AFURLConnectionOperation.m */,
				837DC73F17676DFD00C7B0BE /* AFXMLRequestOperation.h */,
				837DC74017676DFD00C7B0BE /* AFXMLRequestOperation.m */,
				837DC74117676DFD00C7B0BE /* UIImageView+AFNetworking.h */,
				837DC74217676DFD00C7B0BE /* UIImageView+AFNetworking.m */,
			);
			path = AFNetworking;
			sourceTree = "<group>";
		};
		837DC74317676DFD00C7B0BE /* JSONKit */ = {
			isa = PBXGroup;
			children = (
				837DC74417676DFD00C7B0BE /* JSONKit.h */,
				837DC74517676DFD00C7B0BE /* JSONKit.m */,
			);
			path = JSONKit;
			sourceTree = "<group>";
		};
		837DC74617676DFD00C7B0BE /* MBProgressHUD */ = {
			isa = PBXGroup;
			children = (
				837DC74717676DFD00C7B0BE /* MBProgressHUD.h */,
				837DC74817676DFD00C7B0BE /* MBProgressHUD.m */,
			);
			path = MBProgressHUD;
			sourceTree = "<group>";
		};
		837DC74917676DFD00C7B0BE /* TPKeyboard */ = {
			isa = PBXGroup;
			children = (
				837DC74A17676DFD00C7B0BE /* TPKeyboardAvoidingScrollView.h */,
				837DC74B17676DFD00C7B0BE /* TPKeyboardAvoidingScrollView.m */,
			);
			path = TPKeyboard;
			sourceTree = "<group>";
		};
		837DC761176771BA00C7B0BE /* TabbarController */ = {
			isa = PBXGroup;
			children = (
				837DC762176771BA00C7B0BE /* EZTabbarController.h */,
				837DC763176771BA00C7B0BE /* EZTabbarController.m */,
			);
			path = TabbarController;
			sourceTree = "<group>";
		};
		837DC765176771EE00C7B0BE /* Tabbar */ = {
			isa = PBXGroup;
			children = (
				837DC76F1767720300C7B0BE /* EZTabbar.h */,
				837DC7701767720300C7B0BE /* EZTabbar.m */,
				837DC7721767721300C7B0BE /* EZTabbarItem.h */,
				837DC7731767721300C7B0BE /* EZTabbarItem.m */,
			);
			path = Tabbar;
			sourceTree = "<group>";
		};
		837DC775176773CB00C7B0BE /* Extensions */ = {
			isa = PBXGroup;
			children = (
				837DC776176773CB00C7B0BE /* UIView+EZ.h */,
				837DC777176773CB00C7B0BE /* UIView+EZ.m */,
				837DC77E176778F500C7B0BE /* NSString+EZ.h */,
				837DC77F176778F500C7B0BE /* NSString+EZ.m */,
				837DC7BE1767935300C7B0BE /* UIButton+EZ.h */,
				837DC7BF1767935400C7B0BE /* UIButton+EZ.m */,
			);
			path = Extensions;
			sourceTree = "<group>";
		};
		837DC78217677A1F00C7B0BE /* Index */ = {
			isa = PBXGroup;
			children = (
				837DC78317677A3800C7B0BE /* IndexViewController.h */,
				837DC78417677A3800C7B0BE /* IndexViewController.m */,
			);
			path = Index;
			sourceTree = "<group>";
		};
		837DC78617677E1600C7B0BE /* images */ = {
			isa = PBXGroup;
			children = (
				837DC80717679F2E00C7B0BE /* KeyboardBgNormal.png */,
				837DC80817679F2E00C7B0BE /* KeyboardBgNormal@2x.png */,
				837DC80917679F2E00C7B0BE /* KeyboardBgPress.png */,
				837DC80A17679F2E00C7B0BE /* KeyboardBgPress@2x.png */,
				837DC7E117679D7C00C7B0BE /* DialNumber48@2x.png */,
				837DC7E217679D7C00C7B0BE /* DialNumber49.png */,
				837DC7E317679D7C00C7B0BE /* DialNumber49@2x.png */,
				837DC7E417679D7D00C7B0BE /* DialNumber50.png */,
				837DC7E517679D7D00C7B0BE /* DialNumber50@2x.png */,
				837DC7E617679D7D00C7B0BE /* DialNumber51.png */,
				837DC7E717679D7D00C7B0BE /* DialNumber51@2x.png */,
				837DC7E817679D7D00C7B0BE /* DialNumber52.png */,
				837DC7E917679D7D00C7B0BE /* DialNumber52@2x.png */,
				837DC7EA17679D7D00C7B0BE /* DialNumber53.png */,
				837DC7EB17679D7D00C7B0BE /* DialNumber53@2x.png */,
				837DC7EC17679D7D00C7B0BE /* DialNumber54.png */,
				837DC7ED17679D7E00C7B0BE /* DialNumber54@2x.png */,
				837DC7EE17679D7E00C7B0BE /* DialNumber55.png */,
				837DC7EF17679D7E00C7B0BE /* DialNumber55@2x.png */,
				837DC7F017679D7E00C7B0BE /* DialNumber56.png */,
				837DC7F117679D7E00C7B0BE /* DialNumber56@2x.png */,
				837DC7F217679D7E00C7B0BE /* DialNumber57.png */,
				837DC7F317679D7E00C7B0BE /* DialNumber57@2x.png */,
				837DC7DD1767980500C7B0BE /* bg_call.png */,
				837DC7DE1767980500C7B0BE /* bg_call@2x.png */,
				837DC7C91767942C00C7B0BE /* NavItemDisable.png */,
				837DC7CA1767942C00C7B0BE /* NavItemDisable@2x.png */,
				837DC7CB1767942C00C7B0BE /* NavItemNormal.png */,
				837DC7CC1767942C00C7B0BE /* NavItemNormal@2x.png */,
				837DC7CD1767942C00C7B0BE /* NavItemPress.png */,
				837DC7CE1767942C00C7B0BE /* NavItemPress@2x.png */,
				837DC7C11767940500C7B0BE /* NavBackNormal.png */,
				837DC7C21767940500C7B0BE /* NavBackNormal@2x.png */,
				837DC7C31767940500C7B0BE /* NavBackPress.png */,
				837DC7C41767940500C7B0BE /* NavBackPress@2x.png */,
				837DC7B31767819800C7B0BE /* NavBar.png */,
				837DC7B41767819800C7B0BE /* NavBar@2x.png */,
				837DC78717677E1600C7B0BE /* TabBar.png */,
				837DC78817677E1600C7B0BE /* TabBar@2x.png */,
				837DC78B17677F9500C7B0BE /* TabButtonBgImage.png */,
				837DC78C17677F9500C7B0BE /* TabButtonBgImage@2x.png */,
				837DC78D17677F9500C7B0BE /* TabCenterNormal.png */,
				837DC78E17677F9500C7B0BE /* TabCenterNormal@2x.png */,
				837DC78F17677F9500C7B0BE /* TabCenterSelect.png */,
				837DC79017677F9500C7B0BE /* TabCenterSelect@2x.png */,
				837DC79117677F9500C7B0BE /* TabContactNormal.png */,
				837DC79217677F9500C7B0BE /* TabContactNormal@2x.png */,
				837DC79317677F9500C7B0BE /* TabContactSelect.png */,
				837DC79417677F9500C7B0BE /* TabContactSelect@2x.png */,
				837DC79517677F9500C7B0BE /* TabKeyboardDialNormal.png */,
				837DC79617677F9500C7B0BE /* TabKeyboardDialNormal@2x.png */,
				837DC79717677F9500C7B0BE /* TabKeyboardDownSelect.png */,
				837DC79817677F9500C7B0BE /* TabKeyboardDownSelect@2x.png */,
				837DC79917677F9500C7B0BE /* TabKeyboardUpSelect.png */,
				837DC79A17677F9500C7B0BE /* TabKeyboardUpSelect@2x.png */,
				837DC79B17677F9500C7B0BE /* TabMessageNormal.png */,
				837DC79C17677F9500C7B0BE /* TabMessageNormal@2x.png */,
				837DC79D17677F9500C7B0BE /* TabMessageSelect.png */,
				837DC79E17677F9500C7B0BE /* TabMessageSelect@2x.png */,
			);
			path = images;
			sourceTree = "<group>";
		};
		837DC7B7176781C700C7B0BE /* NavigationBar */ = {
			isa = PBXGroup;
			children = (
				837DC7BB1767821200C7B0BE /* EZNavigationBar.h */,
				837DC7BC1767821200C7B0BE /* EZNavigationBar.m */,
			);
			path = NavigationBar;
			sourceTree = "<group>";
		};
		837DC7D91767970D00C7B0BE /* CallController */ = {
			isa = PBXGroup;
			children = (
				837DC7DA1767972B00C7B0BE /* CallViewController.h */,
				837DC7DB1767972B00C7B0BE /* CallViewController.m */,
			);
			path = CallController;
			sourceTree = "<group>";
		};
/* End PBXGroup section */

/* Begin PBXNativeTarget section */
		837DC6921767161900C7B0BE /* Tongxunlu */ = {
			isa = PBXNativeTarget;
			buildConfigurationList = 837DC6B61767161A00C7B0BE /* Build configuration list for PBXNativeTarget "Tongxunlu" */;
			buildPhases = (
				837DC68F1767161900C7B0BE /* Sources */,
				837DC6901767161900C7B0BE /* Frameworks */,
				837DC6911767161900C7B0BE /* Resources */,
			);
			buildRules = (
			);
			dependencies = (
			);
			name = Tongxunlu;
			productName = Tongxunlu;
			productReference = 837DC6931767161900C7B0BE /* Tongxunlu.app */;
			productType = "com.apple.product-type.application";
		};
/* End PBXNativeTarget section */

/* Begin PBXProject section */
		837DC68B1767161900C7B0BE /* Project object */ = {
			isa = PBXProject;
			attributes = {
				CLASSPREFIX = TXL;
				LastUpgradeCheck = 0460;
				ORGANIZATIONNAME = "ELVIS zhou";
			};
			buildConfigurationList = 837DC68E1767161900C7B0BE /* Build configuration list for PBXProject "Tongxunlu" */;
			compatibilityVersion = "Xcode 3.2";
			developmentRegion = English;
			hasScannedForEncodings = 0;
			knownRegions = (
				en,
			);
			mainGroup = 837DC68A1767161900C7B0BE;
			productRefGroup = 837DC6941767161900C7B0BE /* Products */;
			projectDirPath = "";
			projectRoot = "";
			targets = (
				837DC6921767161900C7B0BE /* Tongxunlu */,
			);
		};
/* End PBXProject section */

/* Begin PBXResourcesBuildPhase section */
		837DC6911767161900C7B0BE /* Resources */ = {
			isa = PBXResourcesBuildPhase;
			buildActionMask = 2147483647;
			files = (
				837DC6A11767161900C7B0BE /* InfoPlist.strings in Resources */,
				837DC705176767E900C7B0BE /* Icon-72.png in Resources */,
				837DC706176767E900C7B0BE /* Icon-72@2x.png in Resources */,
				837DC707176767E900C7B0BE /* Icon-Small-50.png in Resources */,
				837DC708176767E900C7B0BE /* Icon-Small-50@2x.png in Resources */,
				837DC709176767E900C7B0BE /* Icon-Small.png in Resources */,
				837DC70A176767E900C7B0BE /* Icon-Small@2x.png in Resources */,
				837DC70B176767E900C7B0BE /* Icon.png in Resources */,
				837DC70C176767E900C7B0BE /* Icon@2x.png in Resources */,
				837DC70D176767E900C7B0BE /* iTunesArtwork in Resources */,
				837DC71217676BB000C7B0BE /* Default-568h@2x.png in Resources */,
				837DC71317676BB000C7B0BE /* Default.png in Resources */,
				837DC71417676BB000C7B0BE /* Default@2x.png in Resources */,
				837DC78917677E1600C7B0BE /* TabBar.png in Resources */,
				837DC78A17677E1600C7B0BE /* TabBar@2x.png in Resources */,
				837DC79F17677F9500C7B0BE /* TabButtonBgImage.png in Resources */,
				837DC7A017677F9500C7B0BE /* TabButtonBgImage@2x.png in Resources */,
				837DC7A117677F9500C7B0BE /* TabCenterNormal.png in Resources */,
				837DC7A217677F9500C7B0BE /* TabCenterNormal@2x.png in Resources */,
				837DC7A317677F9500C7B0BE /* TabCenterSelect.png in Resources */,
				837DC7A417677F9500C7B0BE /* TabCenterSelect@2x.png in Resources */,
				837DC7A517677F9500C7B0BE /* TabContactNormal.png in Resources */,
				837DC7A617677F9500C7B0BE /* TabContactNormal@2x.png in Resources */,
				837DC7A717677F9500C7B0BE /* TabContactSelect.png in Resources */,
				837DC7A817677F9500C7B0BE /* TabContactSelect@2x.png in Resources */,
				837DC7A917677F9500C7B0BE /* TabKeyboardDialNormal.png in Resources */,
				837DC7AA17677F9500C7B0BE /* TabKeyboardDialNormal@2x.png in Resources */,
				837DC7AB17677F9500C7B0BE /* TabKeyboardDownSelect.png in Resources */,
				837DC7AC17677F9500C7B0BE /* TabKeyboardDownSelect@2x.png in Resources */,
				837DC7AD17677F9500C7B0BE /* TabKeyboardUpSelect.png in Resources */,
				837DC7AE17677F9500C7B0BE /* TabKeyboardUpSelect@2x.png in Resources */,
				837DC7AF17677F9500C7B0BE /* TabMessageNormal.png in Resources */,
				837DC7B017677F9500C7B0BE /* TabMessageNormal@2x.png in Resources */,
				837DC7B117677F9500C7B0BE /* TabMessageSelect.png in Resources */,
				837DC7B217677F9500C7B0BE /* TabMessageSelect@2x.png in Resources */,
				837DC7B51767819800C7B0BE /* NavBar.png in Resources */,
				837DC7B61767819800C7B0BE /* NavBar@2x.png in Resources */,
				837DC7C51767940500C7B0BE /* NavBackNormal.png in Resources */,
				837DC7C61767940500C7B0BE /* NavBackNormal@2x.png in Resources */,
				837DC7C71767940500C7B0BE /* NavBackPress.png in Resources */,
				837DC7C81767940500C7B0BE /* NavBackPress@2x.png in Resources */,
				837DC7CF1767942C00C7B0BE /* NavItemDisable.png in Resources */,
				837DC7D01767942C00C7B0BE /* NavItemDisable@2x.png in Resources */,
				837DC7D11767942C00C7B0BE /* NavItemNormal.png in Resources */,
				837DC7D21767942C00C7B0BE /* NavItemNormal@2x.png in Resources */,
				837DC7D31767942C00C7B0BE /* NavItemPress.png in Resources */,
				837DC7D41767942C00C7B0BE /* NavItemPress@2x.png in Resources */,
				837DC7DF1767980500C7B0BE /* bg_call.png in Resources */,
				837DC7E01767980500C7B0BE /* bg_call@2x.png in Resources */,
				837DC7F417679D7E00C7B0BE /* DialNumber48@2x.png in Resources */,
				837DC7F517679D7E00C7B0BE /* DialNumber49.png in Resources */,
				837DC7F617679D7E00C7B0BE /* DialNumber49@2x.png in Resources */,
				837DC7F717679D7E00C7B0BE /* DialNumber50.png in Resources */,
				837DC7F817679D7E00C7B0BE /* DialNumber50@2x.png in Resources */,
				837DC7F917679D7E00C7B0BE /* DialNumber51.png in Resources */,
				837DC7FA17679D7E00C7B0BE /* DialNumber51@2x.png in Resources */,
				837DC7FB17679D7E00C7B0BE /* DialNumber52.png in Resources */,
				837DC7FC17679D7E00C7B0BE /* DialNumber52@2x.png in Resources */,
				837DC7FD17679D7E00C7B0BE /* DialNumber53.png in Resources */,
				837DC7FE17679D7E00C7B0BE /* DialNumber53@2x.png in Resources */,
				837DC7FF17679D7E00C7B0BE /* DialNumber54.png in Resources */,
				837DC80017679D7E00C7B0BE /* DialNumber54@2x.png in Resources */,
				837DC80117679D7E00C7B0BE /* DialNumber55.png in Resources */,
				837DC80217679D7E00C7B0BE /* DialNumber55@2x.png in Resources */,
				837DC80317679D7E00C7B0BE /* DialNumber56.png in Resources */,
				837DC80417679D7E00C7B0BE /* DialNumber56@2x.png in Resources */,
				837DC80517679D7E00C7B0BE /* DialNumber57.png in Resources */,
				837DC80617679D7E00C7B0BE /* DialNumber57@2x.png in Resources */,
				837DC80B17679F2E00C7B0BE /* KeyboardBgNormal.png in Resources */,
				837DC80C17679F2E00C7B0BE /* KeyboardBgNormal@2x.png in Resources */,
				837DC80D17679F2E00C7B0BE /* KeyboardBgPress.png in Resources */,
				837DC80E17679F2E00C7B0BE /* KeyboardBgPress@2x.png in Resources */,
			);
			runOnlyForDeploymentPostprocessing = 0;
		};
/* End PBXResourcesBuildPhase section */

/* Begin PBXSourcesBuildPhase section */
		837DC68F1767161900C7B0BE /* Sources */ = {
			isa = PBXSourcesBuildPhase;
			buildActionMask = 2147483647;
			files = (
				837DC6A31767161900C7B0BE /* main.m in Sources */,
				837DC72817676DC400C7B0BE /* EZRequest.m in Sources */,
				837DC72A17676DC400C7B0BE /* TXLAppDelegate.m in Sources */,
				837DC72B17676DC400C7B0BE /* AccountEntity.m in Sources */,
				837DC72C17676DC400C7B0BE /* EZEntity.m in Sources */,
				837DC72D17676DC400C7B0BE /* LoginEntity.m in Sources */,
				837DC74C17676DFD00C7B0BE /* AFHTTPClient.m in Sources */,
				837DC74D17676DFD00C7B0BE /* AFHTTPRequestOperation.m in Sources */,
				837DC74E17676DFD00C7B0BE /* AFImageRequestOperation.m in Sources */,
				837DC74F17676DFD00C7B0BE /* AFJSONRequestOperation.m in Sources */,
				837DC75017676DFD00C7B0BE /* AFNetworkActivityIndicatorManager.m in Sources */,
				837DC75117676DFD00C7B0BE /* AFPropertyListRequestOperation.m in Sources */,
				837DC75217676DFD00C7B0BE /* AFURLConnectionOperation.m in Sources */,
				837DC75317676DFD00C7B0BE /* AFXMLRequestOperation.m in Sources */,
				837DC75417676DFD00C7B0BE /* UIImageView+AFNetworking.m in Sources */,
				837DC75517676DFD00C7B0BE /* JSONKit.m in Sources */,
				837DC75617676DFD00C7B0BE /* MBProgressHUD.m in Sources */,
				837DC75717676DFD00C7B0BE /* TPKeyboardAvoidingScrollView.m in Sources */,
				837DC75A1767704B00C7B0BE /* EZNavigationController.m in Sources */,
				837DC75D1767706500C7B0BE /* EZRootViewController.m in Sources */,
				837DC764176771BA00C7B0BE /* EZTabbarController.m in Sources */,
				837DC7711767720300C7B0BE /* EZTabbar.m in Sources */,
				837DC7741767721300C7B0BE /* EZTabbarItem.m in Sources */,
				837DC778176773CB00C7B0BE /* UIView+EZ.m in Sources */,
				837DC780176778F500C7B0BE /* NSString+EZ.m in Sources */,
				837DC781176779F000C7B0BE /* CurledViewBase.m in Sources */,
				837DC78517677A3800C7B0BE /* IndexViewController.m in Sources */,
				837DC7BD1767821300C7B0BE /* EZNavigationBar.m in Sources */,
				837DC7C01767935400C7B0BE /* UIButton+EZ.m in Sources */,
				837DC7DC1767972B00C7B0BE /* CallViewController.m in Sources */,
			);
			runOnlyForDeploymentPostprocessing = 0;
		};
/* End PBXSourcesBuildPhase section */

/* Begin PBXVariantGroup section */
		837DC69F1767161900C7B0BE /* InfoPlist.strings */ = {
			isa = PBXVariantGroup;
			children = (
				837DC6A01767161900C7B0BE /* en */,
			);
			name = InfoPlist.strings;
			sourceTree = "<group>";
		};
/* End PBXVariantGroup section */

/* Begin XCBuildConfiguration section */
		837DC6B41767161900C7B0BE /* Debug */ = {
			isa = XCBuildConfiguration;
			buildSettings = {
				ALWAYS_SEARCH_USER_PATHS = NO;
				CLANG_CXX_LANGUAGE_STANDARD = "gnu++0x";
				CLANG_CXX_LIBRARY = "libc++";
				CLANG_ENABLE_OBJC_ARC = YES;
				CLANG_WARN_CONSTANT_CONVERSION = YES;
				CLANG_WARN_EMPTY_BODY = YES;
				CLANG_WARN_ENUM_CONVERSION = YES;
				CLANG_WARN_INT_CONVERSION = YES;
				CLANG_WARN__DUPLICATE_METHOD_MATCH = YES;
				"CODE_SIGN_IDENTITY[sdk=iphoneos*]" = "iPhone Developer";
				COPY_PHASE_STRIP = NO;
				GCC_C_LANGUAGE_STANDARD = gnu99;
				GCC_DYNAMIC_NO_PIC = NO;
				GCC_OPTIMIZATION_LEVEL = 0;
				GCC_PREPROCESSOR_DEFINITIONS = (
					"DEBUG=1",
					"$(inherited)",
				);
				GCC_SYMBOLS_PRIVATE_EXTERN = NO;
				GCC_WARN_ABOUT_RETURN_TYPE = YES;
				GCC_WARN_UNINITIALIZED_AUTOS = YES;
				GCC_WARN_UNUSED_VARIABLE = YES;
				IPHONEOS_DEPLOYMENT_TARGET = 6.1;
				ONLY_ACTIVE_ARCH = YES;
				SDKROOT = iphoneos;
			};
			name = Debug;
		};
		837DC6B51767161900C7B0BE /* Release */ = {
			isa = XCBuildConfiguration;
			buildSettings = {
				ALWAYS_SEARCH_USER_PATHS = NO;
				CLANG_CXX_LANGUAGE_STANDARD = "gnu++0x";
				CLANG_CXX_LIBRARY = "libc++";
				CLANG_ENABLE_OBJC_ARC = YES;
				CLANG_WARN_CONSTANT_CONVERSION = YES;
				CLANG_WARN_EMPTY_BODY = YES;
				CLANG_WARN_ENUM_CONVERSION = YES;
				CLANG_WARN_INT_CONVERSION = YES;
				CLANG_WARN__DUPLICATE_METHOD_MATCH = YES;
				"CODE_SIGN_IDENTITY[sdk=iphoneos*]" = "iPhone Developer";
				COPY_PHASE_STRIP = YES;
				GCC_C_LANGUAGE_STANDARD = gnu99;
				GCC_WARN_ABOUT_RETURN_TYPE = YES;
				GCC_WARN_UNINITIALIZED_AUTOS = YES;
				GCC_WARN_UNUSED_VARIABLE = YES;
				IPHONEOS_DEPLOYMENT_TARGET = 6.1;
				OTHER_CFLAGS = "-DNS_BLOCK_ASSERTIONS=1";
				SDKROOT = iphoneos;
				VALIDATE_PRODUCT = YES;
			};
			name = Release;
		};
		837DC6B71767161A00C7B0BE /* Debug */ = {
			isa = XCBuildConfiguration;
			buildSettings = {
				GCC_PRECOMPILE_PREFIX_HEADER = YES;
				GCC_PREFIX_HEADER = "Tongxunlu/Tongxunlu-Prefix.pch";
				INFOPLIST_FILE = "Tongxunlu/Tongxunlu-Info.plist";
				IPHONEOS_DEPLOYMENT_TARGET = 5.0;
				PRODUCT_NAME = "$(TARGET_NAME)";
				WRAPPER_EXTENSION = app;
			};
			name = Debug;
		};
		837DC6B81767161A00C7B0BE /* Release */ = {
			isa = XCBuildConfiguration;
			buildSettings = {
				GCC_PRECOMPILE_PREFIX_HEADER = YES;
				GCC_PREFIX_HEADER = "Tongxunlu/Tongxunlu-Prefix.pch";
				INFOPLIST_FILE = "Tongxunlu/Tongxunlu-Info.plist";
				IPHONEOS_DEPLOYMENT_TARGET = 5.0;
				PRODUCT_NAME = "$(TARGET_NAME)";
				WRAPPER_EXTENSION = app;
			};
			name = Release;
		};
/* End XCBuildConfiguration section */

/* Begin XCConfigurationList section */
		837DC68E1767161900C7B0BE /* Build configuration list for PBXProject "Tongxunlu" */ = {
			isa = XCConfigurationList;
			buildConfigurations = (
				837DC6B41767161900C7B0BE /* Debug */,
				837DC6B51767161900C7B0BE /* Release */,
			);
			defaultConfigurationIsVisible = 0;
			defaultConfigurationName = Release;
		};
		837DC6B61767161A00C7B0BE /* Build configuration list for PBXNativeTarget "Tongxunlu" */ = {
			isa = XCConfigurationList;
			buildConfigurations = (
				837DC6B71767161A00C7B0BE /* Debug */,
				837DC6B81767161A00C7B0BE /* Release */,
			);
			defaultConfigurationIsVisible = 0;
			defaultConfigurationName = Release;
		};
/* End XCConfigurationList section */
	};
	rootObject = 837DC68B1767161900C7B0BE /* Project object */;
}
